{
  "nodes": {
    "ags": {
      "inputs": {
        "astal": [
          "astal"
        ],
        "nixpkgs": [
          "nixpkgs"
        ]
      },
      "locked": {
        "lastModified": 1736677288,
        "narHash": "sha256-Vj3WOLy6o6Zf44Rwg9eLqNRQPlVoDrQ89tsef3l3990=",
        "owner": "aylur",
        "repo": "ags",
        "rev": "90db9b9fecc0f4228440d83107c6c745a35e7d77",
        "type": "github"
      },
      "original": {
        "owner": "aylur",
        "repo": "ags",
        "type": "github"
      }
    },
    "astal": {
      "inputs": {
        "nixpkgs": [
          "nixpkgs"
        ]
      },
      "locked": {
        "lastModified": 1736681514,
        "narHash": "sha256-VKSKl5Py0m9+f/oItm8M67TeExJ7JYl9weWzSBfbo0s=",
        "owner": "aylur",
        "repo": "astal",
        "rev": "487f2746a2a7711b4b0cfda6faa624ab196f3d04",
        "type": "github"
      },
      "original": {
        "owner": "aylur",
        "ref": "main",
        "repo": "astal",
        "type": "github"
      }
    },
    "nixpkgs": {
      "locked": {
        "lastModified": 1736523798,
        "narHash": "sha256-Xb8mke6UCYjge9kPR9o4P1nVrhk7QBbKv3xQ9cj7h2s=",
        "owner": "NixOS",
        "repo": "nixpkgs",
        "rev": "130595eba61081acde9001f43de3248d8888ac4a",
        "type": "github"
      },
      "original": {
        "id": "nixpkgs",
        "ref": "nixos-unstable",
        "type": "indirect"
      }
    },
    "root": {
      "inputs": {
        "ags": "ags",
        "astal": "astal",
        "nixpkgs": "nixpkgs"
      }
    }
  },
  "root": "root",
  "version": 7
}
