{
  "nodes": {
    "ags": {
      "inputs": {
        "astal": [
          "astal"
        ],
        "nixpkgs": [
          "nixpkgs"
        ]
      },
      "locked": {
        "lastModified": 1736677288,
        "narHash": "sha256-Vj3WOLy6o6Zf44Rwg9eLqNRQPlVoDrQ89tsef3l3990=",
        "owner": "aylur",
        "repo": "ags",
        "rev": "90db9b9fecc0f4228440d83107c6c745a35e7d77",
        "type": "github"
      },
      "original": {
        "owner": "aylur",
        "repo": "ags",
        "type": "github"
      }
    },
    "astal": {
      "inputs": {
        "nixpkgs": [
          "nixpkgs"
        ]
      },
      "locked": {
        "lastModified": 1737052425,
        "narHash": "sha256-sRX9eWJEThJ/0ZErG7LhHO9cFa3EIZloKA5NaLFfaF4=",
        "owner": "aylur",
        "repo": "astal",
        "rev": "897c6d810acfd31e6cc55df7692755b177a84fcb",
        "type": "github"
      },
      "original": {
        "owner": "aylur",
        "ref": "main",
        "repo": "astal",
        "type": "github"
      }
    },
    "nixpkgs": {
      "locked": {
        "lastModified": 1736883708,
        "narHash": "sha256-uQ+NQ0/xYU0N1CnXsa2zghgNaOPxWpMJXSUJJ9W7140=",
        "owner": "NixOS",
        "repo": "nixpkgs",
        "rev": "eb62e6aa39ea67e0b8018ba8ea077efe65807dc8",
        "type": "github"
      },
      "original": {
        "id": "nixpkgs",
        "ref": "nixos-unstable",
        "type": "indirect"
      }
    },
    "root": {
      "inputs": {
        "ags": "ags",
        "astal": "astal",
        "nixpkgs": "nixpkgs"
      }
    }
  },
  "root": "root",
  "version": 7
}
